
Microsoft Visual Studio Solution File, Format Version 12.00
# Visual Studio Version 17
VisualStudioVersion = 17.8.34525.116
MinimumVisualStudioVersion = 10.0.40219.1
Project("{FAE04EC0-301F-11D3-BF4B-00C04F79EFBC}") = "DivisorCounter", "DivisorCounter.csproj", "{471CBCC7-0BBA-4EAF-B69F-56F9D542AB7B}"
EndProject
Project("{FAE04EC0-301F-11D3-BF4B-00C04F79EFBC}") = "DivisorCounterTests", "..\DivisorCounterTests\DivisorCounterTests.csproj", "{69394B61-1D68-4ACF-8C82-5B01B4FEAEBC}"
EndProject
Global
	GlobalSection(SolutionConfigurationPlatforms) = preSolution
		Debug|Any CPU = Debug|Any CPU
		Release|Any CPU = Release|Any CPU
	EndGlobalSection
	GlobalSection(ProjectConfigurationPlatforms) = postSolution
		{471CBCC7-0BBA-4EAF-B69F-56F9D542AB7B}.Debug|Any CPU.ActiveCfg = Debug|Any CPU
		{471CBCC7-0BBA-4EAF-B69F-56F9D542AB7B}.Debug|Any CPU.Build.0 = Debug|Any CPU
		{471CBCC7-0BBA-4EAF-B69F-56F9D542AB7B}.Release|Any CPU.ActiveCfg = Release|Any CPU
		{471CBCC7-0BBA-4EAF-B69F-56F9D542AB7B}.Release|Any CPU.Build.0 = Release|Any CPU
		{69394B61-1D68-4ACF-8C82-5B01B4FEAEBC}.Debug|Any CPU.ActiveCfg = Debug|Any CPU
		{69394B61-1D68-4ACF-8C82-5B01B4FEAEBC}.Debug|Any CPU.Build.0 = Debug|Any CPU
		{69394B61-1D68-4ACF-8C82-5B01B4FEAEBC}.Release|Any CPU.ActiveCfg = Release|Any CPU
		{69394B61-1D68-4ACF-8C82-5B01B4FEAEBC}.Release|Any CPU.Build.0 = Release|Any CPU
	EndGlobalSection
	GlobalSection(SolutionProperties) = preSolution
		HideSolutionNode = FALSE
	EndGlobalSection
	GlobalSection(ExtensibilityGlobals) = postSolution
		SolutionGuid = {671F1BEF-9D6E-4D69-ACF3-827AAF1B94E7}
	EndGlobalSection
EndGlobal
