
Microsoft Visual Studio Solution File, Format Version 12.00
# Visual Studio Version 17
VisualStudioVersion = 17.8.34525.116
MinimumVisualStudioVersion = 10.0.40219.1
Project("{FAE04EC0-301F-11D3-BF4B-00C04F79EFBC}") = "PlaceLocator", "PlaceLocator.csproj", "{B29B5926-A713-4F6A-BDB9-D42F008532B3}"
EndProject
Global
	GlobalSection(SolutionConfigurationPlatforms) = preSolution
		Debug|Any CPU = Debug|Any CPU
		Release|Any CPU = Release|Any CPU
	EndGlobalSection
	GlobalSection(ProjectConfigurationPlatforms) = postSolution
		{B29B5926-A713-4F6A-BDB9-D42F008532B3}.Debug|Any CPU.ActiveCfg = Debug|Any CPU
		{B29B5926-A713-4F6A-BDB9-D42F008532B3}.Debug|Any CPU.Build.0 = Debug|Any CPU
		{B29B5926-A713-4F6A-BDB9-D42F008532B3}.Release|Any CPU.ActiveCfg = Release|Any CPU
		{B29B5926-A713-4F6A-BDB9-D42F008532B3}.Release|Any CPU.Build.0 = Release|Any CPU
	EndGlobalSection
	GlobalSection(SolutionProperties) = preSolution
		HideSolutionNode = FALSE
	EndGlobalSection
	GlobalSection(ExtensibilityGlobals) = postSolution
		SolutionGuid = {A4C197B3-AAC1-40A5-A7DC-084A83F20B56}
	EndGlobalSection
EndGlobal
