
Microsoft Visual Studio Solution File, Format Version 12.00
# Visual Studio Version 17
VisualStudioVersion = 17.8.34525.116
MinimumVisualStudioVersion = 10.0.40219.1
Project("{FAE04EC0-301F-11D3-BF4B-00C04F79EFBC}") = "UserManagement", "UserManagement.csproj", "{B5A02F20-C8B3-468C-8729-793056A6D70A}"
EndProject
Global
	GlobalSection(SolutionConfigurationPlatforms) = preSolution
		Debug|Any CPU = Debug|Any CPU
		Release|Any CPU = Release|Any CPU
	EndGlobalSection
	GlobalSection(ProjectConfigurationPlatforms) = postSolution
		{B5A02F20-C8B3-468C-8729-793056A6D70A}.Debug|Any CPU.ActiveCfg = Debug|Any CPU
		{B5A02F20-C8B3-468C-8729-793056A6D70A}.Debug|Any CPU.Build.0 = Debug|Any CPU
		{B5A02F20-C8B3-468C-8729-793056A6D70A}.Release|Any CPU.ActiveCfg = Release|Any CPU
		{B5A02F20-C8B3-468C-8729-793056A6D70A}.Release|Any CPU.Build.0 = Release|Any CPU
	EndGlobalSection
	GlobalSection(SolutionProperties) = preSolution
		HideSolutionNode = FALSE
	EndGlobalSection
	GlobalSection(ExtensibilityGlobals) = postSolution
		SolutionGuid = {18A001EB-CCF6-43E6-8C92-330A7526E457}
	EndGlobalSection
EndGlobal
